dependencies:
- name: postgresql
  repository: https://charts.bitnami.com/bitnami
  version: 11.0.2
- name: library-chart
  repository: https://inseefrlab.github.io/helm-charts-datascience
  version: 2.0.20
digest: sha256:9d3ed852b91f4b8cf47dcc5cc7dd47ff8558fd26faaad15c63c1207c2481efd8
generated: "2022-07-08T12:04:29.975648682Z"
